<?xml version="1.0" encoding="utf-8"?>
<Project ToolsVersion="4.0" xmlns="http://schemas.microsoft.com/developer/msbuild/2003">
  <ItemGroup>
    <Filter Include="Archivos de origen">
      <UniqueIdentifier>{4FC737F1-C7A5-4376-A066-2A32D752A2FF}</UniqueIdentifier>
      <Extensions>cpp;c;cc;cxx;c++;cppm;ixx;def;odl;idl;hpj;bat;asm;asmx</Extensions>
    </Filter>
    <Filter Include="Archivos de encabezado">
      <UniqueIdentifier>{93995380-89BD-4b04-88EB-625FBE52EBFB}</UniqueIdentifier>
      <Extensions>h;hh;hpp;hxx;h++;hm;inl;inc;ipp;xsd</Extensions>
    </Filter>
    <Filter Include="Archivos de recursos">
      <UniqueIdentifier>{67DA6AB6-F800-4c08-8B7A-83BB121AAD01}</UniqueIdentifier>
      <Extensions>rc;ico;cur;bmp;dlg;rc2;rct;bin;rgs;gif;jpg;jpeg;jpe;resx;tiff;tif;png;wav;mfcribbon-ms</Extensions>
    </Filter>
  </ItemGroup>
  <ItemGroup>
    <ClCompile Include="src\Juego.cpp">
      <Filter>Archivos de recursos</Filter>
    </ClCompile>
    <ClCompile Include="src\mundo.cpp">
      <Filter>Archivos de recursos</Filter>
    </ClCompile>
    <ClCompile Include="src\Hombre.cpp">
      <Filter>Archivos de recursos</Filter>
    </ClCompile>
    <ClCompile Include="src\Vector2D.cpp">
      <Filter>Archivos de recursos</Filter>
    </ClCompile>
    <ClCompile Include="src\ObjetoMovil.cpp">
      <Filter>Archivos de recursos</Filter>
    </ClCompile>
    <ClCompile Include="src\Pared.cpp">
      <Filter>Archivos de recursos</Filter>
    </ClCompile>
    <ClCompile Include="src\Interaccion.cpp">
      <Filter>Archivos de recursos</Filter>
    </ClCompile>
    <ClCompile Include="src\ListaPlataformas.cpp">
      <Filter>Archivos de recursos</Filter>
    </ClCompile>
    <ClCompile Include="src\Coordinador.cpp">
      <Filter>Archivos de recursos</Filter>
    </ClCompile>
    <ClCompile Include="src\PlatMoviles.cpp">
      <Filter>Archivos de recursos</Filter>
    </ClCompile>
    <ClCompile Include="src\Enemigo.cpp">
      <Filter>Archivos de recursos</Filter>
    </ClCompile>
    <ClCompile Include="src\EnemigoBase.cpp">
      <Filter>Archivos de recursos</Filter>
    </ClCompile>
    <ClCompile Include="src\Disparo.cpp">
      <Filter>Archivos de recursos</Filter>
    </ClCompile>
    <ClCompile Include="src\ListaDisparos.cpp">
      <Filter>Archivos de recursos</Filter>
    </ClCompile>
    <ClCompile Include="src\ParedVertical.cpp">
      <Filter>Archivos de recursos</Filter>
    </ClCompile>
    <ClCompile Include="src\ListaPlataformasVerticales.cpp">
      <Filter>Archivos de recursos</Filter>
    </ClCompile>
    <ClCompile Include="src\Vida.cpp">
      <Filter>Archivos de recursos</Filter>
    </ClCompile>
    <ClCompile Include="src\ListaVidas.cpp">
      <Filter>Archivos de recursos</Filter>
    </ClCompile>
    <ClCompile Include="src\ListaMonedas.cpp">
      <Filter>Archivos de recursos</Filter>
    </ClCompile>
    <ClCompile Include="src\Moneda.cpp">
      <Filter>Archivos de recursos</Filter>
    </ClCompile>
    <ClCompile Include="src\ListaEnemigoAvanzado.cpp">
      <Filter>Archivos de recursos</Filter>
    </ClCompile>
    <ClCompile Include="src\ListaEnemigosBase.cpp">
      <Filter>Archivos de recursos</Filter>
    </ClCompile>
    <ClCompile Include="src\ListaEnemigosMedio.cpp">
      <Filter>Archivos de recursos</Filter>
    </ClCompile>
    <ClCompile Include="src\EnemigoAvanzado.cpp">
      <Filter>Archivos de recursos</Filter>
    </ClCompile>
    <ClCompile Include="src\EnemigoMedio.cpp">
      <Filter>Archivos de recursos</Filter>
    </ClCompile>
    <ClCompile Include="src\Puerta.cpp">
      <Filter>Archivos de recursos</Filter>
    </ClCompile>
    <ClCompile Include="src\VidaHUD.cpp">
      <Filter>Archivos de recursos</Filter>
    </ClCompile>
    <ClCompile Include="src\MonedasHUD.cpp">
      <Filter>Archivos de recursos</Filter>
    </ClCompile>
    <ClCompile Include="src\LlavesHUD.cpp">
      <Filter>Archivos de recursos</Filter>
    </ClCompile>
    <ClCompile Include="src\Llave.cpp">
      <Filter>Archivos de recursos</Filter>
    </ClCompile>
    <ClCompile Include="src\ListaLlaves.cpp">
      <Filter>Archivos de recursos</Filter>
    </ClCompile>
  </ItemGroup>
  <ItemGroup>
    <ClInclude Include="src\mundo.h">
      <Filter>Archivos de origen</Filter>
    </ClInclude>
    <ClInclude Include="src\Vector2D.h">
      <Filter>Archivos de origen</Filter>
    </ClInclude>
    <ClInclude Include="src\Hombre.h">
      <Filter>Archivos de origen</Filter>
    </ClInclude>
    <ClInclude Include="src\ObjetoMovil.h">
      <Filter>Archivos de origen</Filter>
    </ClInclude>
    <ClInclude Include="src\Pared.h">
      <Filter>Archivos de origen</Filter>
    </ClInclude>
    <ClInclude Include="src\Interaccion.h">
      <Filter>Archivos de origen</Filter>
    </ClInclude>
    <ClInclude Include="src\ListaPlataformas.h">
      <Filter>Archivos de origen</Filter>
    </ClInclude>
    <ClInclude Include="src\Coordinador.h">
      <Filter>Archivos de origen</Filter>
    </ClInclude>
    <ClInclude Include="src\PlatMoviles.h">
      <Filter>Archivos de origen</Filter>
    </ClInclude>
    <ClInclude Include="src\Enemigo.h">
      <Filter>Archivos de origen</Filter>
    </ClInclude>
    <ClInclude Include="src\EnemigoBase.h">
      <Filter>Archivos de origen</Filter>
    </ClInclude>
    <ClInclude Include="src\Disparo.h">
      <Filter>Archivos de origen</Filter>
    </ClInclude>
    <ClInclude Include="src\ListaDisparos.h">
      <Filter>Archivos de origen</Filter>
    </ClInclude>
    <ClInclude Include="src\ParedVertical.h">
      <Filter>Archivos de origen</Filter>
    </ClInclude>
    <ClInclude Include="src\ListaPlataformasVerticales.h">
      <Filter>Archivos de origen</Filter>
    </ClInclude>
    <ClInclude Include="src\Vida.h">
      <Filter>Archivos de origen</Filter>
    </ClInclude>
    <ClInclude Include="src\ListaVidas.h">
      <Filter>Archivos de origen</Filter>
    </ClInclude>
    <ClInclude Include="src\Moneda.h">
      <Filter>Archivos de origen</Filter>
    </ClInclude>
    <ClInclude Include="src\ListaMonedas.h">
      <Filter>Archivos de origen</Filter>
    </ClInclude>
    <ClInclude Include="src\EnemigoMedio.h">
      <Filter>Archivos de origen</Filter>
    </ClInclude>
    <ClInclude Include="src\EnemigoAvanzado.h">
      <Filter>Archivos de origen</Filter>
    </ClInclude>
    <ClInclude Include="src\ListaEnemigoAvanzado.h">
      <Filter>Archivos de origen</Filter>
    </ClInclude>
    <ClInclude Include="src\ListaEnemigosBase.h">
      <Filter>Archivos de origen</Filter>
    </ClInclude>
    <ClInclude Include="src\ListaEnemigosMedio.h">
      <Filter>Archivos de origen</Filter>
    </ClInclude>
    <ClInclude Include="src\Puerta.h">
      <Filter>Archivos de origen</Filter>
    </ClInclude>
    <ClInclude Include="src\VidaHUD.h">
      <Filter>Archivos de origen</Filter>
    </ClInclude>
    <ClInclude Include="src\MonedasHUD.h">
      <Filter>Archivos de origen</Filter>
    </ClInclude>
    <ClInclude Include="src\Llave.h">
      <Filter>Archivos de origen</Filter>
    </ClInclude>
    <ClInclude Include="src\ListaLlaves.h">
      <Filter>Archivos de origen</Filter>
    </ClInclude>
    <ClInclude Include="src\LlavesHUD.h">
      <Filter>Archivos de origen</Filter>
    </ClInclude>
  </ItemGroup>
</Project>